{
  "lockfileVersion": 1,
  "workspaces": {
    "": {
      "dependencies": {
        "timeago.js": "^4.0.2",
      },
    },
  },
  "packages": {
    "timeago.js": ["timeago.js@4.0.2", "", {}, "sha512-a7wPxPdVlQL7lqvitHGGRsofhdwtkoSXPGATFuSOA2i1ZNQEPLrGnj68vOp2sOJTCFAQVXPeNMX/GctBaO9L2w=="],
  }
}
